
Microsoft Visual Studio Solution File, Format Version 12.00
# Visual Studio Version 17
VisualStudioVersion = 17.0.31903.59
MinimumVisualStudioVersion = 10.0.40219.1
Project("{FAE04EC0-301F-11D3-BF4B-00C04F79EFBC}") = "RavenDbProjection", "RavenDbProjection\RavenDbProjection.csproj", "{BEB88D3C-ED08-4D11-A2B8-9DCBF94F550B}"
EndProject
Global
	GlobalSection(SolutionConfigurationPlatforms) = preSolution
		Debug|Any CPU = Debug|Any CPU
		Release|Any CPU = Release|Any CPU
	EndGlobalSection
	GlobalSection(ProjectConfigurationPlatforms) = postSolution
		{BEB88D3C-ED08-4D11-A2B8-9DCBF94F550B}.Debug|Any CPU.ActiveCfg = Debug|Any CPU
		{BEB88D3C-ED08-4D11-A2B8-9DCBF94F550B}.Debug|Any CPU.Build.0 = Debug|Any CPU
		{BEB88D3C-ED08-4D11-A2B8-9DCBF94F550B}.Release|Any CPU.ActiveCfg = Release|Any CPU
		{BEB88D3C-ED08-4D11-A2B8-9DCBF94F550B}.Release|Any CPU.Build.0 = Release|Any CPU
	EndGlobalSection
	GlobalSection(SolutionProperties) = preSolution
		HideSolutionNode = FALSE
	EndGlobalSection
	GlobalSection(ExtensibilityGlobals) = postSolution
		SolutionGuid = {AD3782EA-092C-46AF-ABC8-63D7F630B6FF}
	EndGlobalSection
EndGlobal
